{
  "version": 4,
  "terraform_version": "1.6.1",
  "serial": 7,
  "lineage": "62706837-2b00-7714-2c81-b237a55c355f",
  "outputs": {
    "cluster_endpoint": {
      "value": "34.42.24.204",
      "type": "string"
    }
  },
  "resources": [
    {
      "mode": "managed",
      "type": "google_container_cluster",
      "name": "my-cluster",
      "provider": "provider[\"registry.terraform.io/hashicorp/google\"]",
      "instances": [
        {
          "schema_version": 2,
          "attributes": {
            "addons_config": [
              {
                "cloudrun_config": [],
                "config_connector_config": [],
                "dns_cache_config": [],
                "gce_persistent_disk_csi_driver_config": [
                  {
                    "enabled": true
                  }
                ],
                "gcp_filestore_csi_driver_config": [],
                "gcs_fuse_csi_driver_config": [],
                "gke_backup_agent_config": [],
                "horizontal_pod_autoscaling": [],
                "http_load_balancing": [],
                "network_policy_config": [
                  {
                    "disabled": true
                  }
                ]
              }
            ],
            "allow_net_admin": null,
            "authenticator_groups_config": [],
            "binary_authorization": [
              {
                "enabled": false,
                "evaluation_mode": ""
              }
            ],
            "cluster_autoscaling": [
              {
                "auto_provisioning_defaults": [],
                "enabled": false,
                "resource_limits": []
              }
            ],
            "cluster_ipv4_cidr": "10.44.0.0/14",
            "confidential_nodes": [],
            "cost_management_config": [],
            "database_encryption": [
              {
                "key_name": "",
                "state": "DECRYPTED"
              }
            ],
            "datapath_provider": "",
            "default_max_pods_per_node": 110,
            "default_snat_status": [
              {
                "disabled": false
              }
            ],
            "deletion_protection": true,
            "description": "",
            "dns_config": [],
            "enable_autopilot": false,
            "enable_intranode_visibility": false,
            "enable_k8s_beta_apis": [],
            "enable_kubernetes_alpha": false,
            "enable_l4_ilb_subsetting": false,
            "enable_legacy_abac": false,
            "enable_shielded_nodes": true,
            "enable_tpu": false,
            "endpoint": "34.42.24.204",
            "gateway_api_config": [],
            "id": "projects/csci-5409-b00942541/locations/us-central1/clusters/kubernetes-cluster",
            "initial_node_count": 1,
            "ip_allocation_policy": [
              {
                "additional_pod_ranges_config": [],
                "cluster_ipv4_cidr_block": "10.44.0.0/14",
                "cluster_secondary_range_name": "gke-kubernetes-cluster-pods-ac61fbd7",
                "pod_cidr_overprovision_config": [
                  {
                    "disabled": false
                  }
                ],
                "services_ipv4_cidr_block": "10.48.0.0/20",
                "services_secondary_range_name": "gke-kubernetes-cluster-services-ac61fbd7",
                "stack_type": "IPV4"
              }
            ],
            "label_fingerprint": "a9dc16a7",
            "location": "us-central1",
            "logging_config": [
              {
                "enable_components": [
                  "SYSTEM_COMPONENTS",
                  "WORKLOADS"
                ]
              }
            ],
            "logging_service": "logging.googleapis.com/kubernetes",
            "maintenance_policy": [],
            "master_auth": [
              {
                "client_certificate": "",
                "client_certificate_config": [
                  {
                    "issue_client_certificate": false
                  }
                ],
                "client_key": "",
                "cluster_ca_certificate": "LS0tLS1CRUdJTiBDRVJUSUZJQ0FURS0tLS0tCk1JSUVMVENDQXBXZ0F3SUJBZ0lSQU4xUFpvaXE1STdkUytJMXNpNGh0Rll3RFFZSktvWklodmNOQVFFTEJRQXcKTHpFdE1Dc0dBMVVFQXhNa05HWmxZVE5oWmpndE9USTFNUzAwWkdWa0xXRmpObVl0WWpnelpHUXpOamMxWlRjMwpNQ0FYRFRJek1UQXlNREF5TVRVd05sb1lEekl3TlRNeE1ERXlNRE14TlRBMldqQXZNUzB3S3dZRFZRUURFeVEwClptVmhNMkZtT0MwNU1qVXhMVFJrWldRdFlXTTJaaTFpT0ROa1pETTJOelZsTnpjd2dnR2lNQTBHQ1NxR1NJYjMKRFFFQkFRVUFBNElCandBd2dnR0tBb0lCZ1FDbHl0bHpEbVlNcERxN0ZBYkJvSzlJQUxPSmF2UWhjbHZvZm90MwpiS2c1VWxSdnpST1pHdlhjRHpabys2Ykp6QWE0dytFMHBMd0dGd3VjenNvN29IVEc4cGVsNVZYaWhML2kzTWJOClJVZkhwVDBCeXpMSmpEZUQ3Vk9KQlg5bUNnSUxmZG90T1R4YmhqbzRhaUQycHFFUi9rZ1lHdWtZL3M4TnhQVDUKK3dqRjFZWmtrWnZsVUJGZ3hIYUZkdG44bFZUaHpkTHR6L3EvZGRoUHJ5b2IwUUJYSThPeXFSeFJFTkNKcVJpSwpiR1E2SllzSnFZczZMNzFuOWIvY0RLa2g5YmxXZys3V3NpamFhR29GYk54UjdiZnFseEhPRTU2RG9QUFlzTURmCjNTeCtCNVNqdjBzNm5RakdKVlhNNnRFbHFLQVluZ01RZVNrWjdIY2MwM3ovSVdKbmxzYVhtS0c1MzhxcFkvdFgKdlV4d2JSSk9BVUlNU015aCt6bVhCNG5YV0JmNzhWTVltaWxZOEdUL0gxZHhiNENHK3hJcERKbmcxSktUYkRkOApmOGZjYXFRa3h4L29RWW9kL2dqeUhXY1YwRlJEaFZNZkZvVUJ1NmRIUlh1V3VLeDdWaWlCbi9FekczYzNZQ21pCkxMV3NHZU1waDFReHZVNnBPdU1Lak9sSDJqY0NBd0VBQWFOQ01FQXdEZ1lEVlIwUEFRSC9CQVFEQWdJRU1BOEcKQTFVZEV3RUIvd1FGTUFNQkFmOHdIUVlEVlIwT0JCWUVGUDNoSjU0MFVxK0tWU2Y5VTRBbG1vOXVZQlpoTUEwRwpDU3FHU0liM0RRRUJDd1VBQTRJQmdRQVdzS0wxNUlCSzlwRW9ObkFlcmVNRkY0NGlkZ1JJL3E3S1gxd0ZUeXMzCmZNM3Jzank1RUxtVlZQVDBBUG5rejZ2eWhuTy9IVHFCRy9sdTVDY0NXVng0SkZrTFJxV2ViMHdYOW9wWllKdW0KaUovZVFFYTQ2c3k3YUkrWC9nZjhiOVVML3NaYzNOamNEY015UGExUEJZVmdBelJiMjBuTHNUZW5sUkJpT3BWeApaOHF2SmFIazRYMFl5MmVQYm9CVUsva2lBeFllN2huUVNOZjRicXdURi9QMlZ1WGx0NFNKcnFXN01tc24yNEFyCmo1SCtpUTc0VkdVdVZ6bnlkVWFpZmU4bzZmQWgydGxzWWMwUGdoUGVzWUZnbWJKbVlNSXNhR2NMcDY1OG1LQTkKUGdPVFhuWEYxZGlVQnRhckNCNzgwSTA4bzQvMG12WWV0bzJlbVB3Z3lQZ3BsV2kwYnZWVHZTM3RPN3QxVCsxdgpnOHNTZFUwTUE4V2NUemQvVmplOXRxN2tSWkt1am1qb000eFlkdjU4clJKZEVDOXVyeUlGRjRmVWpOUzkvdDI3CmFPRjFPZDFvd1J4RkJHME9sSWFZdXkxN3NTM0p1ZFk1b0hxbHFXT1Z3MnNObTZYMzBDRlZjQ1hIOGdCbDM3dzUKc0pFOHFWR3Z4cFNzbWlQMTYzVzliUHM9Ci0tLS0tRU5EIENFUlRJRklDQVRFLS0tLS0K"
              }
            ],
            "master_authorized_networks_config": [],
            "master_version": "1.27.3-gke.100",
            "mesh_certificates": [],
            "min_master_version": null,
            "monitoring_config": [
              {
                "advanced_datapath_observability_config": [
                  {
                    "enable_metrics": false,
                    "relay_mode": "DISABLED"
                  }
                ],
                "enable_components": [
                  "SYSTEM_COMPONENTS"
                ],
                "managed_prometheus": [
                  {
                    "enabled": true
                  }
                ]
              }
            ],
            "monitoring_service": "monitoring.googleapis.com/kubernetes",
            "name": "kubernetes-cluster",
            "network": "projects/csci-5409-b00942541/global/networks/default",
            "network_policy": [
              {
                "enabled": false,
                "provider": "PROVIDER_UNSPECIFIED"
              }
            ],
            "networking_mode": "VPC_NATIVE",
            "node_config": [
              {
                "advanced_machine_features": [],
                "boot_disk_kms_key": "",
                "confidential_nodes": [],
                "disk_size_gb": 100,
                "disk_type": "pd-balanced",
                "effective_taints": [],
                "ephemeral_storage_local_ssd_config": [],
                "fast_socket": [],
                "gcfs_config": [],
                "guest_accelerator": [],
                "gvnic": [],
                "host_maintenance_policy": [],
                "image_type": "COS_CONTAINERD",
                "kubelet_config": [],
                "labels": {},
                "linux_node_config": [],
                "local_nvme_ssd_block_config": [],
                "local_ssd_count": 0,
                "logging_variant": "DEFAULT",
                "machine_type": "e2-medium",
                "metadata": {
                  "disable-legacy-endpoints": "true"
                },
                "min_cpu_platform": "",
                "node_group": "",
                "oauth_scopes": [
                  "https://www.googleapis.com/auth/devstorage.read_only",
                  "https://www.googleapis.com/auth/logging.write",
                  "https://www.googleapis.com/auth/monitoring",
                  "https://www.googleapis.com/auth/service.management.readonly",
                  "https://www.googleapis.com/auth/servicecontrol",
                  "https://www.googleapis.com/auth/trace.append"
                ],
                "preemptible": false,
                "reservation_affinity": [],
                "resource_labels": null,
                "service_account": "default",
                "shielded_instance_config": [
                  {
                    "enable_integrity_monitoring": true,
                    "enable_secure_boot": false
                  }
                ],
                "sole_tenant_config": [],
                "spot": false,
                "tags": null,
                "taint": [],
                "workload_metadata_config": []
              }
            ],
            "node_locations": [
              "us-central1-a",
              "us-central1-c",
              "us-central1-f"
            ],
            "node_pool": [
              {
                "autoscaling": [],
                "initial_node_count": 1,
                "instance_group_urls": [
                  "https://www.googleapis.com/compute/v1/projects/csci-5409-b00942541/zones/us-central1-f/instanceGroupManagers/gke-kubernetes-cluster-default-pool-cd181744-grp",
                  "https://www.googleapis.com/compute/v1/projects/csci-5409-b00942541/zones/us-central1-a/instanceGroupManagers/gke-kubernetes-cluster-default-pool-c54e9df4-grp",
                  "https://www.googleapis.com/compute/v1/projects/csci-5409-b00942541/zones/us-central1-c/instanceGroupManagers/gke-kubernetes-cluster-default-pool-dc412e31-grp"
                ],
                "managed_instance_group_urls": [
                  "https://www.googleapis.com/compute/v1/projects/csci-5409-b00942541/zones/us-central1-f/instanceGroups/gke-kubernetes-cluster-default-pool-cd181744-grp",
                  "https://www.googleapis.com/compute/v1/projects/csci-5409-b00942541/zones/us-central1-a/instanceGroups/gke-kubernetes-cluster-default-pool-c54e9df4-grp",
                  "https://www.googleapis.com/compute/v1/projects/csci-5409-b00942541/zones/us-central1-c/instanceGroups/gke-kubernetes-cluster-default-pool-dc412e31-grp"
                ],
                "management": [
                  {
                    "auto_repair": true,
                    "auto_upgrade": true
                  }
                ],
                "max_pods_per_node": 110,
                "name": "default-pool",
                "name_prefix": "",
                "network_config": [
                  {
                    "create_pod_range": false,
                    "enable_private_nodes": false,
                    "pod_cidr_overprovision_config": [],
                    "pod_ipv4_cidr_block": "10.44.0.0/14",
                    "pod_range": "gke-kubernetes-cluster-pods-ac61fbd7"
                  }
                ],
                "node_config": [
                  {
                    "advanced_machine_features": [],
                    "boot_disk_kms_key": "",
                    "confidential_nodes": [],
                    "disk_size_gb": 100,
                    "disk_type": "pd-balanced",
                    "effective_taints": [],
                    "ephemeral_storage_local_ssd_config": [],
                    "fast_socket": [],
                    "gcfs_config": [],
                    "guest_accelerator": [],
                    "gvnic": [],
                    "host_maintenance_policy": [],
                    "image_type": "COS_CONTAINERD",
                    "kubelet_config": [],
                    "labels": {},
                    "linux_node_config": [],
                    "local_nvme_ssd_block_config": [],
                    "local_ssd_count": 0,
                    "logging_variant": "DEFAULT",
                    "machine_type": "e2-medium",
                    "metadata": {
                      "disable-legacy-endpoints": "true"
                    },
                    "min_cpu_platform": "",
                    "node_group": "",
                    "oauth_scopes": [
                      "https://www.googleapis.com/auth/devstorage.read_only",
                      "https://www.googleapis.com/auth/logging.write",
                      "https://www.googleapis.com/auth/monitoring",
                      "https://www.googleapis.com/auth/service.management.readonly",
                      "https://www.googleapis.com/auth/servicecontrol",
                      "https://www.googleapis.com/auth/trace.append"
                    ],
                    "preemptible": false,
                    "reservation_affinity": [],
                    "resource_labels": {},
                    "service_account": "default",
                    "shielded_instance_config": [
                      {
                        "enable_integrity_monitoring": true,
                        "enable_secure_boot": false
                      }
                    ],
                    "sole_tenant_config": [],
                    "spot": false,
                    "tags": [],
                    "taint": [],
                    "workload_metadata_config": []
                  }
                ],
                "node_count": 1,
                "node_locations": [
                  "us-central1-a",
                  "us-central1-c",
                  "us-central1-f"
                ],
                "placement_policy": [],
                "upgrade_settings": [
                  {
                    "blue_green_settings": [],
                    "max_surge": 1,
                    "max_unavailable": 0,
                    "strategy": "SURGE"
                  }
                ],
                "version": "1.27.3-gke.100"
              }
            ],
            "node_pool_auto_config": [],
            "node_pool_defaults": [
              {
                "node_config_defaults": [
                  {
                    "logging_variant": "DEFAULT"
                  }
                ]
              }
            ],
            "node_version": "1.27.3-gke.100",
            "notification_config": [
              {
                "pubsub": [
                  {
                    "enabled": false,
                    "filter": [],
                    "topic": ""
                  }
                ]
              }
            ],
            "operation": null,
            "private_cluster_config": [
              {
                "enable_private_endpoint": false,
                "enable_private_nodes": false,
                "master_global_access_config": [
                  {
                    "enabled": false
                  }
                ],
                "master_ipv4_cidr_block": "",
                "peering_name": "",
                "private_endpoint": "10.128.0.25",
                "private_endpoint_subnetwork": "",
                "public_endpoint": "34.42.24.204"
              }
            ],
            "private_ipv6_google_access": "",
            "project": "csci-5409-b00942541",
            "release_channel": [
              {
                "channel": "REGULAR"
              }
            ],
            "remove_default_node_pool": null,
            "resource_labels": null,
            "resource_usage_export_config": [],
            "security_posture_config": [
              {
                "mode": "BASIC",
                "vulnerability_mode": "VULNERABILITY_MODE_UNSPECIFIED"
              }
            ],
            "self_link": "https://container.googleapis.com/v1/projects/csci-5409-b00942541/locations/us-central1/clusters/kubernetes-cluster",
            "service_external_ips_config": [
              {
                "enabled": false
              }
            ],
            "services_ipv4_cidr": "10.48.0.0/20",
            "subnetwork": "projects/csci-5409-b00942541/regions/us-central1/subnetworks/default",
            "timeouts": null,
            "tpu_ipv4_cidr_block": "",
            "vertical_pod_autoscaling": [],
            "workload_identity_config": []
          },
          "sensitive_attributes": [],
          "private": "eyJlMmJmYjczMC1lY2FhLTExZTYtOGY4OC0zNDM2M2JjN2M0YzAiOnsiY3JlYXRlIjoyNDAwMDAwMDAwMDAwLCJkZWxldGUiOjI0MDAwMDAwMDAwMDAsInJlYWQiOjI0MDAwMDAwMDAwMDAsInVwZGF0ZSI6MzYwMDAwMDAwMDAwMH0sInNjaGVtYV92ZXJzaW9uIjoiMiJ9"
        }
      ]
    }
  ],
  "check_results": null
}
