{
  "version": 4,
  "terraform_version": "1.6.1",
  "serial": 9,
  "lineage": "62706837-2b00-7714-2c81-b237a55c355f",
  "outputs": {
    "cluster_endpoint": {
      "value": "34.170.33.27",
      "type": "string"
    }
  },
  "resources": [
    {
      "mode": "managed",
      "type": "google_container_cluster",
      "name": "my-cluster",
      "provider": "provider[\"registry.terraform.io/hashicorp/google\"]",
      "instances": [
        {
          "schema_version": 2,
          "attributes": {
            "addons_config": [
              {
                "cloudrun_config": [],
                "config_connector_config": [],
                "dns_cache_config": [],
                "gce_persistent_disk_csi_driver_config": [
                  {
                    "enabled": true
                  }
                ],
                "gcp_filestore_csi_driver_config": [],
                "gcs_fuse_csi_driver_config": [],
                "gke_backup_agent_config": [],
                "horizontal_pod_autoscaling": [],
                "http_load_balancing": [],
                "network_policy_config": [
                  {
                    "disabled": true
                  }
                ]
              }
            ],
            "allow_net_admin": null,
            "authenticator_groups_config": [],
            "binary_authorization": [
              {
                "enabled": false,
                "evaluation_mode": ""
              }
            ],
            "cluster_autoscaling": [
              {
                "auto_provisioning_defaults": [],
                "enabled": false,
                "resource_limits": []
              }
            ],
            "cluster_ipv4_cidr": "10.44.0.0/14",
            "confidential_nodes": [],
            "cost_management_config": [],
            "database_encryption": [
              {
                "key_name": "",
                "state": "DECRYPTED"
              }
            ],
            "datapath_provider": "",
            "default_max_pods_per_node": 110,
            "default_snat_status": [
              {
                "disabled": false
              }
            ],
            "deletion_protection": true,
            "description": "",
            "dns_config": [],
            "enable_autopilot": false,
            "enable_intranode_visibility": false,
            "enable_k8s_beta_apis": [],
            "enable_kubernetes_alpha": false,
            "enable_l4_ilb_subsetting": false,
            "enable_legacy_abac": false,
            "enable_shielded_nodes": true,
            "enable_tpu": false,
            "endpoint": "34.170.33.27",
            "gateway_api_config": [],
            "id": "projects/csci-5409-b00942541/locations/us-central1/clusters/kubernetes-cluster",
            "initial_node_count": 1,
            "ip_allocation_policy": [
              {
                "additional_pod_ranges_config": [],
                "cluster_ipv4_cidr_block": "10.44.0.0/14",
                "cluster_secondary_range_name": "gke-kubernetes-cluster-pods-07f64b9b",
                "pod_cidr_overprovision_config": [
                  {
                    "disabled": false
                  }
                ],
                "services_ipv4_cidr_block": "10.48.0.0/20",
                "services_secondary_range_name": "gke-kubernetes-cluster-services-07f64b9b",
                "stack_type": "IPV4"
              }
            ],
            "label_fingerprint": "a9dc16a7",
            "location": "us-central1",
            "logging_config": [
              {
                "enable_components": [
                  "SYSTEM_COMPONENTS",
                  "WORKLOADS"
                ]
              }
            ],
            "logging_service": "logging.googleapis.com/kubernetes",
            "maintenance_policy": [],
            "master_auth": [
              {
                "client_certificate": "",
                "client_certificate_config": [
                  {
                    "issue_client_certificate": false
                  }
                ],
                "client_key": "",
                "cluster_ca_certificate": "LS0tLS1CRUdJTiBDRVJUSUZJQ0FURS0tLS0tCk1JSUVMVENDQXBXZ0F3SUJBZ0lSQU1vTkRsUldKa2NUNUhZY2E4U1dVYWt3RFFZSktvWklodmNOQVFFTEJRQXcKTHpFdE1Dc0dBMVVFQXhNa01qSXdOemMwTkdVdE5HWTJNaTAwT0RZNExUZzNObUl0T0RneFlqY3paREUxWmpoaApNQ0FYRFRJek1UQXlNREF6TWpNek1Wb1lEekl3TlRNeE1ERXlNRFF5TXpNeFdqQXZNUzB3S3dZRFZRUURFeVF5Ck1qQTNOelEwWlMwMFpqWXlMVFE0TmpndE9EYzJZaTA0T0RGaU56TmtNVFZtT0dFd2dnR2lNQTBHQ1NxR1NJYjMKRFFFQkFRVUFBNElCandBd2dnR0tBb0lCZ1FDUVowZm1yT09oVGduSmxEd0NXZVllWnNWWFZrZUExM09JOGdVTAp0dlRaQVk2T2g2SVJWNmtkWVc2Y0FjbUdpOXVBUmlRT3B5Vk1ROWJSSEg3SDRMd29LZUp2RWlVWUllbndTR0RYCm1CalhOckExRmlsZzJjeWFSVTBvL2dmc3R0NVBlRHFSbEk1U2psa3BLZ0NmY1dzcmxsZ1FHaXViaktpSnpYSUgKK056TUhta3dhODlsdnpqTmM5QmkyQlYwQUdFMlQvNnNQNHZaUTk3ODNGWFdyaVl2SFdIZmRNd1I2eUd6YWcvegpQYzhpSUZLREFsRDJkNjV1dTVrUGFFY1lGZWRsWlhVcUlIOThCd0dmSkNJZHBicEZiTkN2RG5ldHprQkJLSkdvCkVMNkxqYy91RSt4T0IzbUhsU1d2bCt4QU83c2s1S3pVSkFNZkV5ZWxIbmM0L2h0ekE4aFBFNitoeitNTzZsbkUKK1R3bXJTbUpjMGNEbzNyN3NrMzE5NmpvQU84SkpTL0RRTHFLbjVYQXFnSm8wbkgrbUl6bE1iSGhGRXVmSkg4Ngpwc080VERaWVB4My81WllzZTRwaVZYeEpHeW80clZCOWpIQUpTdnFPbjB1cGFpZURWc3Vaemg4d2JuaXluWk92CkY3aWhvbmVDZDM0TmtWUHpwMDd5UitWNHhTTUNBd0VBQWFOQ01FQXdEZ1lEVlIwUEFRSC9CQVFEQWdJRU1BOEcKQTFVZEV3RUIvd1FGTUFNQkFmOHdIUVlEVlIwT0JCWUVGSkFmUU9ZeU5uNm0waXlNRldvOE9VSEpaaTVJTUEwRwpDU3FHU0liM0RRRUJDd1VBQTRJQmdRQWpseDF1Y2U4OWlqcWZMMEd4anZWQlo0Y1lQN3pKeGVoS2FXNi9tUWxICjJXNFlNSmlXNFhtcGg0a2tQaStvYkRXWXZ3RVBKQ29HYVlXT2YweXJldXdUbHoySlR1ZjNPWGMzTVQwc3Y5MysKaDVVTHFEbmdXRVV5SjBVNGVhZ2Y3OEg0SWd4dm43dVZCT0x5VVBiWm1lTXJSdnlaNXZRUmFJak9tbWl6SkQxOQp6R0JWUFFSaXJ2MmVHK1F2Mm9LY2pRRGxtNzFlV3lsMCtMeWxpUXZSVGJJZTJHcDU5S0t3K3lKWnhNMEhvQkJpCkdwb05NdHprZHJtY2pRd0YyckxoM0RpSk9rV0NpVCtLTmtTQk9JTkFwendwbWd0a0lkTVhQclY1ZmNlck1rT20KNzJzd2tJMzk1Y0UzYVJGTkcyWUwrdlFGUG5uSWEzcWVYTmFGSHJVd0NVRllFd1p1elNDSUtOanFlcnlGUE5RYQpndHNQakY4UXhGQ1dESG5EUWtiSEk0a0ZnV1hWYXRQSW84ZDc1ZmxxL2lSalVRZUEyVlZaRGFMcUtLYkhKMmF3CnhESHhFdG5zZm0wWWdUL1lNZ1VGdHI5VG5xT1ZlNFdaeDZZVkVLL0x5SUxtMUtybG5WV0NObTV4S0FwcnFBTUYKN29LSnNUaFBoUmxOU0V6akhuSnFXOUU9Ci0tLS0tRU5EIENFUlRJRklDQVRFLS0tLS0K"
              }
            ],
            "master_authorized_networks_config": [],
            "master_version": "1.27.3-gke.100",
            "mesh_certificates": [],
            "min_master_version": null,
            "monitoring_config": [
              {
                "advanced_datapath_observability_config": [
                  {
                    "enable_metrics": false,
                    "relay_mode": "DISABLED"
                  }
                ],
                "enable_components": [
                  "SYSTEM_COMPONENTS"
                ],
                "managed_prometheus": [
                  {
                    "enabled": true
                  }
                ]
              }
            ],
            "monitoring_service": "monitoring.googleapis.com/kubernetes",
            "name": "kubernetes-cluster",
            "network": "projects/csci-5409-b00942541/global/networks/default",
            "network_policy": [
              {
                "enabled": false,
                "provider": "PROVIDER_UNSPECIFIED"
              }
            ],
            "networking_mode": "VPC_NATIVE",
            "node_config": [
              {
                "advanced_machine_features": [],
                "boot_disk_kms_key": "",
                "confidential_nodes": [],
                "disk_size_gb": 100,
                "disk_type": "pd-balanced",
                "effective_taints": [],
                "ephemeral_storage_local_ssd_config": [],
                "fast_socket": [],
                "gcfs_config": [],
                "guest_accelerator": [],
                "gvnic": [],
                "host_maintenance_policy": [],
                "image_type": "COS_CONTAINERD",
                "kubelet_config": [],
                "labels": {},
                "linux_node_config": [],
                "local_nvme_ssd_block_config": [],
                "local_ssd_count": 0,
                "logging_variant": "DEFAULT",
                "machine_type": "e2-medium",
                "metadata": {
                  "disable-legacy-endpoints": "true"
                },
                "min_cpu_platform": "",
                "node_group": "",
                "oauth_scopes": [
                  "https://www.googleapis.com/auth/devstorage.read_only",
                  "https://www.googleapis.com/auth/logging.write",
                  "https://www.googleapis.com/auth/monitoring",
                  "https://www.googleapis.com/auth/service.management.readonly",
                  "https://www.googleapis.com/auth/servicecontrol",
                  "https://www.googleapis.com/auth/trace.append"
                ],
                "preemptible": false,
                "reservation_affinity": [],
                "resource_labels": null,
                "service_account": "default",
                "shielded_instance_config": [
                  {
                    "enable_integrity_monitoring": true,
                    "enable_secure_boot": false
                  }
                ],
                "sole_tenant_config": [],
                "spot": false,
                "tags": null,
                "taint": [],
                "workload_metadata_config": []
              }
            ],
            "node_locations": [
              "us-central1-a",
              "us-central1-b",
              "us-central1-f"
            ],
            "node_pool": [
              {
                "autoscaling": [],
                "initial_node_count": 1,
                "instance_group_urls": [
                  "https://www.googleapis.com/compute/v1/projects/csci-5409-b00942541/zones/us-central1-f/instanceGroupManagers/gke-kubernetes-cluster-default-pool-a6f1f388-grp",
                  "https://www.googleapis.com/compute/v1/projects/csci-5409-b00942541/zones/us-central1-b/instanceGroupManagers/gke-kubernetes-cluster-default-pool-763903c9-grp",
                  "https://www.googleapis.com/compute/v1/projects/csci-5409-b00942541/zones/us-central1-a/instanceGroupManagers/gke-kubernetes-cluster-default-pool-68f24fa9-grp"
                ],
                "managed_instance_group_urls": [
                  "https://www.googleapis.com/compute/v1/projects/csci-5409-b00942541/zones/us-central1-f/instanceGroups/gke-kubernetes-cluster-default-pool-a6f1f388-grp",
                  "https://www.googleapis.com/compute/v1/projects/csci-5409-b00942541/zones/us-central1-b/instanceGroups/gke-kubernetes-cluster-default-pool-763903c9-grp",
                  "https://www.googleapis.com/compute/v1/projects/csci-5409-b00942541/zones/us-central1-a/instanceGroups/gke-kubernetes-cluster-default-pool-68f24fa9-grp"
                ],
                "management": [
                  {
                    "auto_repair": true,
                    "auto_upgrade": true
                  }
                ],
                "max_pods_per_node": 110,
                "name": "default-pool",
                "name_prefix": "",
                "network_config": [
                  {
                    "create_pod_range": false,
                    "enable_private_nodes": false,
                    "pod_cidr_overprovision_config": [],
                    "pod_ipv4_cidr_block": "10.44.0.0/14",
                    "pod_range": "gke-kubernetes-cluster-pods-07f64b9b"
                  }
                ],
                "node_config": [
                  {
                    "advanced_machine_features": [],
                    "boot_disk_kms_key": "",
                    "confidential_nodes": [],
                    "disk_size_gb": 100,
                    "disk_type": "pd-balanced",
                    "effective_taints": [],
                    "ephemeral_storage_local_ssd_config": [],
                    "fast_socket": [],
                    "gcfs_config": [],
                    "guest_accelerator": [],
                    "gvnic": [],
                    "host_maintenance_policy": [],
                    "image_type": "COS_CONTAINERD",
                    "kubelet_config": [],
                    "labels": {},
                    "linux_node_config": [],
                    "local_nvme_ssd_block_config": [],
                    "local_ssd_count": 0,
                    "logging_variant": "DEFAULT",
                    "machine_type": "e2-medium",
                    "metadata": {
                      "disable-legacy-endpoints": "true"
                    },
                    "min_cpu_platform": "",
                    "node_group": "",
                    "oauth_scopes": [
                      "https://www.googleapis.com/auth/devstorage.read_only",
                      "https://www.googleapis.com/auth/logging.write",
                      "https://www.googleapis.com/auth/monitoring",
                      "https://www.googleapis.com/auth/service.management.readonly",
                      "https://www.googleapis.com/auth/servicecontrol",
                      "https://www.googleapis.com/auth/trace.append"
                    ],
                    "preemptible": false,
                    "reservation_affinity": [],
                    "resource_labels": {},
                    "service_account": "default",
                    "shielded_instance_config": [
                      {
                        "enable_integrity_monitoring": true,
                        "enable_secure_boot": false
                      }
                    ],
                    "sole_tenant_config": [],
                    "spot": false,
                    "tags": [],
                    "taint": [],
                    "workload_metadata_config": []
                  }
                ],
                "node_count": 1,
                "node_locations": [
                  "us-central1-a",
                  "us-central1-b",
                  "us-central1-f"
                ],
                "placement_policy": [],
                "upgrade_settings": [
                  {
                    "blue_green_settings": [],
                    "max_surge": 1,
                    "max_unavailable": 0,
                    "strategy": "SURGE"
                  }
                ],
                "version": "1.27.3-gke.100"
              }
            ],
            "node_pool_auto_config": [],
            "node_pool_defaults": [
              {
                "node_config_defaults": [
                  {
                    "logging_variant": "DEFAULT"
                  }
                ]
              }
            ],
            "node_version": "1.27.3-gke.100",
            "notification_config": [
              {
                "pubsub": [
                  {
                    "enabled": false,
                    "filter": [],
                    "topic": ""
                  }
                ]
              }
            ],
            "operation": null,
            "private_cluster_config": [
              {
                "enable_private_endpoint": false,
                "enable_private_nodes": false,
                "master_global_access_config": [
                  {
                    "enabled": false
                  }
                ],
                "master_ipv4_cidr_block": "",
                "peering_name": "",
                "private_endpoint": "10.128.0.29",
                "private_endpoint_subnetwork": "",
                "public_endpoint": "34.170.33.27"
              }
            ],
            "private_ipv6_google_access": "",
            "project": "csci-5409-b00942541",
            "release_channel": [
              {
                "channel": "REGULAR"
              }
            ],
            "remove_default_node_pool": null,
            "resource_labels": null,
            "resource_usage_export_config": [],
            "security_posture_config": [
              {
                "mode": "BASIC",
                "vulnerability_mode": "VULNERABILITY_MODE_UNSPECIFIED"
              }
            ],
            "self_link": "https://container.googleapis.com/v1/projects/csci-5409-b00942541/locations/us-central1/clusters/kubernetes-cluster",
            "service_external_ips_config": [
              {
                "enabled": false
              }
            ],
            "services_ipv4_cidr": "10.48.0.0/20",
            "subnetwork": "projects/csci-5409-b00942541/regions/us-central1/subnetworks/default",
            "timeouts": null,
            "tpu_ipv4_cidr_block": "",
            "vertical_pod_autoscaling": [],
            "workload_identity_config": []
          },
          "sensitive_attributes": [],
          "private": "eyJlMmJmYjczMC1lY2FhLTExZTYtOGY4OC0zNDM2M2JjN2M0YzAiOnsiY3JlYXRlIjoyNDAwMDAwMDAwMDAwLCJkZWxldGUiOjI0MDAwMDAwMDAwMDAsInJlYWQiOjI0MDAwMDAwMDAwMDAsInVwZGF0ZSI6MzYwMDAwMDAwMDAwMH0sInNjaGVtYV92ZXJzaW9uIjoiMiJ9"
        }
      ]
    }
  ],
  "check_results": null
}
